{
  "version": 4,
  "terraform_version": "1.7.5",
  "serial": 4,
  "lineage": "5b6122c6-fac1-7552-ca15-6f1f2bf4366e",
  "outputs": {},
  "resources": [
    {
      "mode": "managed",
      "type": "local_file",
      "name": "bharath",
      "provider": "provider[\"registry.terraform.io/hashicorp/local\"]",
      "instances": [
        {
          "schema_version": 0,
          "attributes": {
            "content": "Hello, bharath!",
            "content_base64": null,
            "content_base64sha256": "nxV3VfVR7V1ls10xZ2PbpHUITbqAjqkCXs+zgUD0ZMc=",
            "content_base64sha512": "16irZUXSolIQZeWCw2HMo3H1afMiyuVwVph3xF7OSHv66CaqYHOhCIucwm0ibcJWhlTb15kGUuEEPBMyyl0cOg==",
            "content_md5": "4380cbc169ccd017f1980ffccc60cee1",
            "content_sha1": "90a82c12f74dad5e8840966a166d3d7e6105ae1d",
            "content_sha256": "9f157755f551ed5d65b35d316763dba475084dba808ea9025ecfb38140f464c7",
            "content_sha512": "d7a8ab6545d2a2521065e582c361cca371f569f322cae570569877c45ece487bfae826aa6073a1088b9cc26d226dc2568654dbd7990652e1043c1332ca5d1c3a",
            "directory_permission": "0777",
            "file_permission": "0777",
            "filename": "example.txt",
            "id": "90a82c12f74dad5e8840966a166d3d7e6105ae1d",
            "sensitive_content": null,
            "source": null
          },
          "sensitive_attributes": []
        }
      ]
    }
  ],
  "check_results": null
}
